
Microsoft Visual Studio Solution File, Format Version 12.00
# Visual Studio 15
VisualStudioVersion = 15.0.27428.2015
MinimumVisualStudioVersion = 10.0.40219.1
Project("{9A19103F-16F7-4668-BE54-9A1E7A4F7556}") = "ClassLibrary2", "ClassLibrary2\ClassLibrary2.csproj", "{E7EB8395-FB96-4776-BFF9-FE38EC1FF70B}"
EndProject
Project("{FAE04EC0-301F-11D3-BF4B-00C04F79EFBC}") = "UnitTestProject1", "UnitTestProject1\UnitTestProject1.csproj", "{AE446FF8-ABDE-442D-BF17-9770ABC91870}"
EndProject
Project("{FAE04EC0-301F-11D3-BF4B-00C04F79EFBC}") = "UnitTestProject2", "UnitTestProject2\UnitTestProject2.csproj", "{D26038A2-136C-42D0-8923-69C1A2E32FBE}"
EndProject
Global
	GlobalSection(SolutionConfigurationPlatforms) = preSolution
		Debug|Any CPU = Debug|Any CPU
		Release|Any CPU = Release|Any CPU
	EndGlobalSection
	GlobalSection(ProjectConfigurationPlatforms) = postSolution
		{E7EB8395-FB96-4776-BFF9-FE38EC1FF70B}.Debug|Any CPU.ActiveCfg = Debug|Any CPU
		{E7EB8395-FB96-4776-BFF9-FE38EC1FF70B}.Debug|Any CPU.Build.0 = Debug|Any CPU
		{E7EB8395-FB96-4776-BFF9-FE38EC1FF70B}.Release|Any CPU.ActiveCfg = Release|Any CPU
		{E7EB8395-FB96-4776-BFF9-FE38EC1FF70B}.Release|Any CPU.Build.0 = Release|Any CPU
		{AE446FF8-ABDE-442D-BF17-9770ABC91870}.Debug|Any CPU.ActiveCfg = Debug|Any CPU
		{AE446FF8-ABDE-442D-BF17-9770ABC91870}.Debug|Any CPU.Build.0 = Debug|Any CPU
		{AE446FF8-ABDE-442D-BF17-9770ABC91870}.Release|Any CPU.ActiveCfg = Release|Any CPU
		{AE446FF8-ABDE-442D-BF17-9770ABC91870}.Release|Any CPU.Build.0 = Release|Any CPU
		{D26038A2-136C-42D0-8923-69C1A2E32FBE}.Debug|Any CPU.ActiveCfg = Debug|Any CPU
		{D26038A2-136C-42D0-8923-69C1A2E32FBE}.Debug|Any CPU.Build.0 = Debug|Any CPU
		{D26038A2-136C-42D0-8923-69C1A2E32FBE}.Release|Any CPU.ActiveCfg = Release|Any CPU
		{D26038A2-136C-42D0-8923-69C1A2E32FBE}.Release|Any CPU.Build.0 = Release|Any CPU
	EndGlobalSection
	GlobalSection(SolutionProperties) = preSolution
		HideSolutionNode = FALSE
	EndGlobalSection
	GlobalSection(ExtensibilityGlobals) = postSolution
		SolutionGuid = {5B388C71-399A-4A43-ABE5-1E9BABF03405}
	EndGlobalSection
EndGlobal
